
Microsoft Visual Studio Solution File, Format Version 12.00
# Visual Studio Version 16
VisualStudioVersion = 16.0.32602.291
MinimumVisualStudioVersion = 10.0.40219.1
Project("{FAE04EC0-301F-11D3-BF4B-00C04F79EFBC}") = "spacebattle", "spacebattle\spacebattle.csproj", "{7ED50CD4-A415-45AE-BFC2-5267DA8F9E60}"
EndProject
Global
	GlobalSection(SolutionConfigurationPlatforms) = preSolution
		Debug|Any CPU = Debug|Any CPU
		Release|Any CPU = Release|Any CPU
	EndGlobalSection
	GlobalSection(ProjectConfigurationPlatforms) = postSolution
		{7ED50CD4-A415-45AE-BFC2-5267DA8F9E60}.Debug|Any CPU.ActiveCfg = Debug|Any CPU
		{7ED50CD4-A415-45AE-BFC2-5267DA8F9E60}.Debug|Any CPU.Build.0 = Debug|Any CPU
		{7ED50CD4-A415-45AE-BFC2-5267DA8F9E60}.Release|Any CPU.ActiveCfg = Release|Any CPU
		{7ED50CD4-A415-45AE-BFC2-5267DA8F9E60}.Release|Any CPU.Build.0 = Release|Any CPU
	EndGlobalSection
	GlobalSection(SolutionProperties) = preSolution
		HideSolutionNode = FALSE
	EndGlobalSection
	GlobalSection(ExtensibilityGlobals) = postSolution
		SolutionGuid = {9DFEE2EA-1C04-4B9D-9F5C-8ADD375A590C}
	EndGlobalSection
EndGlobal
